
Microsoft Visual Studio Solution File, Format Version 12.00
# Visual Studio Version 17
VisualStudioVersion = 17.11.35327.3
MinimumVisualStudioVersion = 10.0.40219.1
Project("{FAE04EC0-301F-11D3-BF4B-00C04F79EFBC}") = "CarRentalSystem.Web", "CarRentalSystem.Web\CarRentalSystem.Web.csproj", "{9C534118-6F08-47DA-A7AF-1DB3A49EFFFC}"
EndProject
Project("{FAE04EC0-301F-11D3-BF4B-00C04F79EFBC}") = "CarRentalSystem.Db", "CarRentalSystem.Db\CarRentalSystem.Db.csproj", "{BCD6CE70-3B65-47A9-9040-27B87562DED7}"
EndProject
Global
	GlobalSection(SolutionConfigurationPlatforms) = preSolution
		Debug|Any CPU = Debug|Any CPU
		Release|Any CPU = Release|Any CPU
	EndGlobalSection
	GlobalSection(ProjectConfigurationPlatforms) = postSolution
		{9C534118-6F08-47DA-A7AF-1DB3A49EFFFC}.Debug|Any CPU.ActiveCfg = Debug|Any CPU
		{9C534118-6F08-47DA-A7AF-1DB3A49EFFFC}.Debug|Any CPU.Build.0 = Debug|Any CPU
		{9C534118-6F08-47DA-A7AF-1DB3A49EFFFC}.Release|Any CPU.ActiveCfg = Release|Any CPU
		{9C534118-6F08-47DA-A7AF-1DB3A49EFFFC}.Release|Any CPU.Build.0 = Release|Any CPU
		{BCD6CE70-3B65-47A9-9040-27B87562DED7}.Debug|Any CPU.ActiveCfg = Debug|Any CPU
		{BCD6CE70-3B65-47A9-9040-27B87562DED7}.Debug|Any CPU.Build.0 = Debug|Any CPU
		{BCD6CE70-3B65-47A9-9040-27B87562DED7}.Release|Any CPU.ActiveCfg = Release|Any CPU
		{BCD6CE70-3B65-47A9-9040-27B87562DED7}.Release|Any CPU.Build.0 = Release|Any CPU
	EndGlobalSection
	GlobalSection(SolutionProperties) = preSolution
		HideSolutionNode = FALSE
	EndGlobalSection
	GlobalSection(ExtensibilityGlobals) = postSolution
		SolutionGuid = {20C31F44-03D2-4E29-A6EE-2BCC7A69B92B}
	EndGlobalSection
EndGlobal
